
Microsoft Visual Studio Solution File, Format Version 12.00
# Visual Studio 15
VisualStudioVersion = 15.0.27703.2042
MinimumVisualStudioVersion = 10.0.40219.1
Project("{FAE04EC0-301F-11D3-BF4B-00C04F79EFBC}") = "TcpForwarderClient", "TcpForwarderClient\TcpForwarderClient.csproj", "{EF148FA8-76C7-446D-BD9A-B4EE27DA696B}"
EndProject
Global
	GlobalSection(SolutionConfigurationPlatforms) = preSolution
		Debug|Any CPU = Debug|Any CPU
		Release|Any CPU = Release|Any CPU
	EndGlobalSection
	GlobalSection(ProjectConfigurationPlatforms) = postSolution
		{EF148FA8-76C7-446D-BD9A-B4EE27DA696B}.Debug|Any CPU.ActiveCfg = Debug|Any CPU
		{EF148FA8-76C7-446D-BD9A-B4EE27DA696B}.Debug|Any CPU.Build.0 = Debug|Any CPU
		{EF148FA8-76C7-446D-BD9A-B4EE27DA696B}.Release|Any CPU.ActiveCfg = Release|Any CPU
		{EF148FA8-76C7-446D-BD9A-B4EE27DA696B}.Release|Any CPU.Build.0 = Release|Any CPU
	EndGlobalSection
	GlobalSection(SolutionProperties) = preSolution
		HideSolutionNode = FALSE
	EndGlobalSection
	GlobalSection(ExtensibilityGlobals) = postSolution
		SolutionGuid = {CBA27CF1-21FB-4E29-B721-3919C5564810}
	EndGlobalSection
EndGlobal
